
Microsoft Visual Studio Solution File, Format Version 10.00
# Visual Studio 2008
Project("{8BC9CEB8-8B4A-11D0-8D11-00A0C91BC942}") = "PPBoxFrame", "PPBoxFrame\PPBoxFrame.vcproj", "{C2DA1BF2-9D33-4ABA-ABBC-35A21817E5B5}"
EndProject
Project("{8BC9CEB8-8B4A-11D0-8D11-00A0C91BC942}") = "IntelFrame", "IntelFrame\IntelFrame.vcproj", "{08F579A2-7CF0-4740-A5A3-3F48AF69EBD1}"
EndProject
Global
	GlobalSection(SolutionConfigurationPlatforms) = preSolution
		Debug|Win32 = Debug|Win32
		Release|Win32 = Release|Win32
	EndGlobalSection
	GlobalSection(ProjectConfigurationPlatforms) = postSolution
		{C2DA1BF2-9D33-4ABA-ABBC-35A21817E5B5}.Debug|Win32.ActiveCfg = Debug|Win32
		{C2DA1BF2-9D33-4ABA-ABBC-35A21817E5B5}.Debug|Win32.Build.0 = Debug|Win32
		{C2DA1BF2-9D33-4ABA-ABBC-35A21817E5B5}.Release|Win32.ActiveCfg = Release|Win32
		{C2DA1BF2-9D33-4ABA-ABBC-35A21817E5B5}.Release|Win32.Build.0 = Release|Win32
		{08F579A2-7CF0-4740-A5A3-3F48AF69EBD1}.Debug|Win32.ActiveCfg = Debug|Win32
		{08F579A2-7CF0-4740-A5A3-3F48AF69EBD1}.Debug|Win32.Build.0 = Debug|Win32
		{08F579A2-7CF0-4740-A5A3-3F48AF69EBD1}.Release|Win32.ActiveCfg = Release|Win32
		{08F579A2-7CF0-4740-A5A3-3F48AF69EBD1}.Release|Win32.Build.0 = Release|Win32
	EndGlobalSection
	GlobalSection(SolutionProperties) = preSolution
		HideSolutionNode = FALSE
	EndGlobalSection
EndGlobal
